PATH
  remote: .
  specs:
    passenger (6.1.1)
      rack (>= 1.6.13)
      rackup (>= 1.0.1)
      rake (>= 12.3.3)

GEM
  remote: https://rubygems.org/
  specs:
    cgi (0.5.1)
    diff-lcs (1.6.2)
    gpgme (2.0.25)
      mini_portile2 (~> 2.7)
    json (2.18.0)
    logger (1.7.0)
    mime-types (3.5.2)
      mime-types-data (~> 3.2015)
    mime-types-data (3.2025.0924)
    mini_portile2 (2.8.9)
    rack (3.2.4)
    rackup (2.3.1)
      rack (>= 3)
    rake (13.3.1)
    rspec (3.12.0)
      rspec-core (~> 3.12.0)
      rspec-expectations (~> 3.12.0)
      rspec-mocks (~> 3.12.0)
    rspec-collection_matchers (1.2.1)
      rspec-expectations (>= 2.99.0.beta1)
    rspec-core (3.12.3)
      rspec-support (~> 3.12.0)
    rspec-expectations (3.12.4)
      diff-lcs (>= 1.2.0, < 2.0)
      rspec-support (~> 3.12.0)
    rspec-mocks (3.12.7)
      diff-lcs (>= 1.2.0, < 2.0)
      rspec-support (~> 3.12.0)
    rspec-support (3.12.2)
    webrick (1.8.2)

PLATFORMS
  arm64-darwin-23
  ruby
  x86_64-linux

DEPENDENCIES
  cgi
  gpgme
  json
  logger
  mime-types (~> 3.5.1)
  passenger!
  rspec (~> 3.12.0)
  rspec-collection_matchers
  webrick (~> 1.8.1)

RUBY VERSION
   ruby 3.3.0p0

BUNDLED WITH
   2.5.10
