PATH
  remote: .
  specs:
    passenger (6.2.0)
      logger (>= 1.7.0)
      rack (>= 1.6.13)
      rackup (>= 1.0.1)
      rake (>= 12.3.3)

GEM
  remote: https://rubygems.org/
  specs:
    ast (2.4.3)
    cgi (0.5.2)
    diff-lcs (1.6.2)
    gpgme (2.0.26)
      mini_portile2 (~> 2.7)
    json (2.21.2)
    language_server-protocol (3.17.0.6)
    lint_roller (1.1.0)
    logger (1.7.0)
    mime-types (3.5.2)
      mime-types-data (~> 3.2015)
    mime-types-data (3.2026.0701)
    mini_portile2 (2.8.9)
    parallel (1.28.0)
    parser (3.3.12.0)
      ast (~> 2.4.1)
      racc
    prism (1.9.0)
    racc (1.8.1)
    rack (3.2.7)
    rackup (2.3.1)
      rack (>= 3)
    rainbow (3.1.1)
    rake (13.4.2)
    regexp_parser (2.12.0)
    rspec (3.12.0)
      rspec-core (~> 3.12.0)
      rspec-expectations (~> 3.12.0)
      rspec-mocks (~> 3.12.0)
    rspec-collection_matchers (1.2.1)
      rspec-expectations (>= 2.99.0.beta1)
    rspec-core (3.12.3)
      rspec-support (~> 3.12.0)
    rspec-expectations (3.12.4)
      diff-lcs (>= 1.2.0, < 2.0)
      rspec-support (~> 3.12.0)
    rspec-mocks (3.12.7)
      diff-lcs (>= 1.2.0, < 2.0)
      rspec-support (~> 3.12.0)
    rspec-support (3.12.2)
    rubocop (1.89.0)
      json (~> 2.3)
      language_server-protocol (~> 3.17.0.2)
      lint_roller (~> 1.1.0)
      parallel (>= 1.10)
      parser (>= 3.3.0.2)
      rainbow (>= 2.2.2, < 4.0)
      regexp_parser (>= 2.9.3, < 3.0)
      rubocop-ast (>= 1.49.0, < 2.0)
      ruby-progressbar (~> 1.7)
      unicode-display_width (>= 2.4.0, < 4.0)
    rubocop-ast (1.50.0)
      parser (>= 3.3.7.2)
      prism (~> 1.7)
    ruby-progressbar (1.13.0)
    unicode-display_width (3.2.0)
      unicode-emoji (~> 4.1)
    unicode-emoji (4.2.0)
    webrick (1.8.2)

PLATFORMS
  aarch64-linux
  arm64-darwin-23
  ruby
  x86_64-linux

DEPENDENCIES
  cgi
  gpgme
  json
  logger
  mime-types (~> 3.5.1)
  passenger!
  rspec (~> 3.12.0)
  rspec-collection_matchers
  rubocop
  webrick (~> 1.8.1)

RUBY VERSION
   ruby 2.7.4p191

BUNDLED WITH
   2.3.27
