// !$*UTF8*$!
{
	archiveVersion = 1;
	classes = {
	};
	objectVersion = 46;
	objects = {

/* Begin PBXFileReference section */
		5151064B1875A39F0011D307 /* helper-scripts */ = {isa = PBXFileReference; lastKnownFileType = folder; path = "helper-scripts"; sourceTree = "<group>"; };
		5151064C1875A39F0011D307 /* resources */ = {isa = PBXFileReference; lastKnownFileType = folder; path = resources; sourceTree = "<group>"; };
		5151064D1875A3E30011D307 /* bin */ = {isa = PBXFileReference; lastKnownFileType = folder; path = bin; sourceTree = "<group>"; };
		5151064E1875A3E30011D307 /* lib */ = {isa = PBXFileReference; lastKnownFileType = folder; path = lib; sourceTree = "<group>"; };
		5151064F1875A3E30011D307 /* node_lib */ = {isa = PBXFileReference; lastKnownFileType = folder; path = node_lib; sourceTree = "<group>"; };
		51D74E5D15551B770037B917 /* cxx */ = {isa = PBXFileReference; lastKnownFileType = folder; name = cxx; path = test/cxx; sourceTree = "<group>"; };
		51D74E5F15551B9E0037B917 /* oxt */ = {isa = PBXFileReference; lastKnownFileType = folder; name = oxt; path = test/oxt; sourceTree = "<group>"; };
		51D74E6015551B9E0037B917 /* support */ = {isa = PBXFileReference; lastKnownFileType = folder; name = support; path = test/support; sourceTree = "<group>"; };
		51F4511A154D46DA00D6561F /* apache2 */ = {isa = PBXFileReference; lastKnownFileType = folder; name = apache2; path = ext/apache2; sourceTree = "<group>"; };
		51F4511B154D46DA00D6561F /* common */ = {isa = PBXFileReference; lastKnownFileType = folder; name = common; path = ext/common; sourceTree = "<group>"; };
		51F4511C154D46DA00D6561F /* nginx */ = {isa = PBXFileReference; lastKnownFileType = folder; name = nginx; path = ext/nginx; sourceTree = "<group>"; };
		51F4511D154D46DA00D6561F /* oxt */ = {isa = PBXFileReference; lastKnownFileType = folder; name = oxt; path = ext/oxt; sourceTree = "<group>"; };
		51F4511E154D46DA00D6561F /* ruby */ = {isa = PBXFileReference; lastKnownFileType = folder; name = ruby; path = ext/ruby; sourceTree = "<group>"; };
/* End PBXFileReference section */

/* Begin PBXGroup section */
		515106451875A2F00011D307 /* C and C++ sources */ = {
			isa = PBXGroup;
			children = (
				51F4511E154D46DA00D6561F /* ruby */,
				51F4511D154D46DA00D6561F /* oxt */,
				51F4511B154D46DA00D6561F /* common */,
				51F4511C154D46DA00D6561F /* nginx */,
				51F4511A154D46DA00D6561F /* apache2 */,
			);
			name = "C and C++ sources";
			sourceTree = "<group>";
		};
		51D74E5E15551B7E0037B917 /* Tests */ = {
			isa = PBXGroup;
			children = (
				51D74E5F15551B9E0037B917 /* oxt */,
				51D74E6015551B9E0037B917 /* support */,
				51D74E5D15551B770037B917 /* cxx */,
			);
			name = Tests;
			sourceTree = "<group>";
		};
		51F45104154D462300D6561F = {
			isa = PBXGroup;
			children = (
				5151064D1875A3E30011D307 /* bin */,
				5151064E1875A3E30011D307 /* lib */,
				5151064F1875A3E30011D307 /* node_lib */,
				515106451875A2F00011D307 /* C and C++ sources */,
				5151064B1875A39F0011D307 /* helper-scripts */,
				5151064C1875A39F0011D307 /* resources */,
				51D74E5E15551B7E0037B917 /* Tests */,
			);
			sourceTree = "<group>";
			usesTabs = 1;
		};
/* End PBXGroup section */

/* Begin PBXLegacyTarget section */
		51F4510B154D462300D6561F /* CxxTestMain */ = {
			isa = PBXLegacyTarget;
			buildArgumentsString = "-lc 'rake test/cxx/CxxTestMain'";
			buildConfigurationList = 51F4510E154D462300D6561F /* Build configuration list for PBXLegacyTarget "CxxTestMain" */;
			buildPhases = (
			);
			buildToolPath = bash;
			buildWorkingDirectory = "";
			dependencies = (
			);
			name = CxxTestMain;
			passBuildSettingsInEnvironment = 0;
			productName = Passenger;
		};
/* End PBXLegacyTarget section */

/* Begin PBXProject section */
		51F45106154D462300D6561F /* Project object */ = {
			isa = PBXProject;
			attributes = {
				LastUpgradeCheck = 0430;
				ORGANIZATIONNAME = Phusion;
			};
			buildConfigurationList = 51F45109154D462300D6561F /* Build configuration list for PBXProject "Passenger" */;
			compatibilityVersion = "Xcode 3.2";
			developmentRegion = English;
			hasScannedForEncodings = 0;
			knownRegions = (
				en,
			);
			mainGroup = 51F45104154D462300D6561F;
			projectDirPath = "";
			projectRoot = "";
			targets = (
				51F4510B154D462300D6561F /* CxxTestMain */,
			);
		};
/* End PBXProject section */

/* Begin XCBuildConfiguration section */
		51F4510C154D462300D6561F /* Debug */ = {
			isa = XCBuildConfiguration;
			buildSettings = {
				ALWAYS_SEARCH_USER_PATHS = NO;
				ARCHS = "$(ARCHS_STANDARD_64_BIT)";
				COPY_PHASE_STRIP = NO;
				GCC_C_LANGUAGE_STANDARD = gnu99;
				GCC_DYNAMIC_NO_PIC = NO;
				GCC_ENABLE_OBJC_EXCEPTIONS = YES;
				GCC_OPTIMIZATION_LEVEL = 0;
				GCC_PREPROCESSOR_DEFINITIONS = (
					"DEBUG=1",
					"$(inherited)",
				);
				GCC_SYMBOLS_PRIVATE_EXTERN = NO;
				GCC_VERSION = com.apple.compilers.llvm.clang.1_0;
				GCC_WARN_64_TO_32_BIT_CONVERSION = YES;
				GCC_WARN_ABOUT_RETURN_TYPE = YES;
				GCC_WARN_UNINITIALIZED_AUTOS = YES;
				GCC_WARN_UNUSED_VARIABLE = YES;
				MACOSX_DEPLOYMENT_TARGET = 10.8;
				ONLY_ACTIVE_ARCH = YES;
				SDKROOT = macosx;
			};
			name = Debug;
		};
		51F4510D154D462300D6561F /* Release */ = {
			isa = XCBuildConfiguration;
			buildSettings = {
				ALWAYS_SEARCH_USER_PATHS = NO;
				ARCHS = "$(ARCHS_STANDARD_64_BIT)";
				COPY_PHASE_STRIP = YES;
				DEBUG_INFORMATION_FORMAT = "dwarf-with-dsym";
				GCC_C_LANGUAGE_STANDARD = gnu99;
				GCC_ENABLE_OBJC_EXCEPTIONS = YES;
				GCC_VERSION = com.apple.compilers.llvm.clang.1_0;
				GCC_WARN_64_TO_32_BIT_CONVERSION = YES;
				GCC_WARN_ABOUT_RETURN_TYPE = YES;
				GCC_WARN_UNINITIALIZED_AUTOS = YES;
				GCC_WARN_UNUSED_VARIABLE = YES;
				MACOSX_DEPLOYMENT_TARGET = 10.8;
				SDKROOT = macosx;
			};
			name = Release;
		};
		51F4510F154D462300D6561F /* Debug */ = {
			isa = XCBuildConfiguration;
			buildSettings = {
				DEBUGGING_SYMBOLS = YES;
				GCC_GENERATE_DEBUGGING_SYMBOLS = YES;
				GCC_OPTIMIZATION_LEVEL = 0;
				OTHER_CFLAGS = "";
				OTHER_LDFLAGS = "";
				PRODUCT_NAME = "$(TARGET_NAME)";
			};
			name = Debug;
		};
		51F45110154D462300D6561F /* Release */ = {
			isa = XCBuildConfiguration;
			buildSettings = {
				OTHER_CFLAGS = "";
				OTHER_LDFLAGS = "";
				PRODUCT_NAME = "$(TARGET_NAME)";
			};
			name = Release;
		};
/* End XCBuildConfiguration section */

/* Begin XCConfigurationList section */
		51F45109154D462300D6561F /* Build configuration list for PBXProject "Passenger" */ = {
			isa = XCConfigurationList;
			buildConfigurations = (
				51F4510C154D462300D6561F /* Debug */,
				51F4510D154D462300D6561F /* Release */,
			);
			defaultConfigurationIsVisible = 0;
			defaultConfigurationName = Debug;
		};
		51F4510E154D462300D6561F /* Build configuration list for PBXLegacyTarget "CxxTestMain" */ = {
			isa = XCConfigurationList;
			buildConfigurations = (
				51F4510F154D462300D6561F /* Debug */,
				51F45110154D462300D6561F /* Release */,
			);
			defaultConfigurationIsVisible = 0;
			defaultConfigurationName = Debug;
		};
/* End XCConfigurationList section */
	};
	rootObject = 51F45106154D462300D6561F /* Project object */;
}
